
Microsoft Visual Studio Solution File, Format Version 12.00
# Visual Studio Version 16
VisualStudioVersion = 16.0.31321.278
MinimumVisualStudioVersion = 10.0.40219.1
Project("{FAE04EC0-301F-11D3-BF4B-00C04F79EFBC}") = "DecimalToBinary", "DecimalToBinary\DecimalToBinary.csproj", "{DE4BB7F3-19F3-4BDF-A7C0-BA4435FCFC5C}"
EndProject
Global
	GlobalSection(SolutionConfigurationPlatforms) = preSolution
		Debug|Any CPU = Debug|Any CPU
		Release|Any CPU = Release|Any CPU
	EndGlobalSection
	GlobalSection(ProjectConfigurationPlatforms) = postSolution
		{DE4BB7F3-19F3-4BDF-A7C0-BA4435FCFC5C}.Debug|Any CPU.ActiveCfg = Debug|Any CPU
		{DE4BB7F3-19F3-4BDF-A7C0-BA4435FCFC5C}.Debug|Any CPU.Build.0 = Debug|Any CPU
		{DE4BB7F3-19F3-4BDF-A7C0-BA4435FCFC5C}.Release|Any CPU.ActiveCfg = Release|Any CPU
		{DE4BB7F3-19F3-4BDF-A7C0-BA4435FCFC5C}.Release|Any CPU.Build.0 = Release|Any CPU
	EndGlobalSection
	GlobalSection(SolutionProperties) = preSolution
		HideSolutionNode = FALSE
	EndGlobalSection
	GlobalSection(ExtensibilityGlobals) = postSolution
		SolutionGuid = {B4A1A958-1AAE-42AD-A5B2-4CF761EF35EB}
	EndGlobalSection
EndGlobal
